// !$*UTF8*$!
{
	archiveVersion = 1;
	classes = {
	};
	objectVersion = 46;
	objects = {

/* Begin PBXBuildFile section */
		E9C69AC11CB82746004BB143 /* main.m in Sources */ = {isa = PBXBuildFile; fileRef = E9C69AC01CB82746004BB143 /* main.m */; };
		E9C69AC41CB82746004BB143 /* AppDelegate.m in Sources */ = {isa = PBXBuildFile; fileRef = E9C69AC31CB82746004BB143 /* AppDelegate.m */; };
		E9C69AC71CB82746004BB143 /* ViewController.m in Sources */ = {isa = PBXBuildFile; fileRef = E9C69AC61CB82746004BB143 /* ViewController.m */; };
		E9C69ACA1CB82746004BB143 /* Main.storyboard in Resources */ = {isa = PBXBuildFile; fileRef = E9C69AC81CB82746004BB143 /* Main.storyboard */; };
		E9C69ACC1CB82746004BB143 /* Assets.xcassets in Resources */ = {isa = PBXBuildFile; fileRef = E9C69ACB1CB82746004BB143 /* Assets.xcassets */; };
		E9C69ACF1CB82746004BB143 /* LaunchScreen.storyboard in Resources */ = {isa = PBXBuildFile; fileRef = E9C69ACD1CB82746004BB143 /* LaunchScreen.storyboard */; };
/* End PBXBuildFile section */

/* Begin PBXFileReference section */
		E9C69ABC1CB82746004BB143 /* Bai2.app */ = {isa = PBXFileReference; explicitFileType = wrapper.application; includeInIndex = 0; path = Bai2.app; sourceTree = BUILT_PRODUCTS_DIR; };
		E9C69AC01CB82746004BB143 /* main.m */ = {isa = PBXFileReference; lastKnownFileType = sourcecode.c.objc; path = main.m; sourceTree = "<group>"; };
		E9C69AC21CB82746004BB143 /* AppDelegate.h */ = {isa = PBXFileReference; lastKnownFileType = sourcecode.c.h; path = AppDelegate.h; sourceTree = "<group>"; };
		E9C69AC31CB82746004BB143 /* AppDelegate.m */ = {isa = PBXFileReference; lastKnownFileType = sourcecode.c.objc; path = AppDelegate.m; sourceTree = "<group>"; };
		E9C69AC51CB82746004BB143 /* ViewController.h */ = {isa = PBXFileReference; lastKnownFileType = sourcecode.c.h; path = ViewController.h; sourceTree = "<group>"; };
		E9C69AC61CB82746004BB143 /* ViewController.m */ = {isa = PBXFileReference; lastKnownFileType = sourcecode.c.objc; path = ViewController.m; sourceTree = "<group>"; };
		E9C69AC91CB82746004BB143 /* Base */ = {isa = PBXFileReference; lastKnownFileType = file.storyboard; name = Base; path = Base.lproj/Main.storyboard; sourceTree = "<group>"; };
		E9C69ACB1CB82746004BB143 /* Assets.xcassets */ = {isa = PBXFileReference; lastKnownFileType = folder.assetcatalog; path = Assets.xcassets; sourceTree = "<group>"; };
		E9C69ACE1CB82746004BB143 /* Base */ = {isa = PBXFileReference; lastKnownFileType = file.storyboard; name = Base; path = Base.lproj/LaunchScreen.storyboard; sourceTree = "<group>"; };
		E9C69AD01CB82746004BB143 /* Info.plist */ = {isa = PBXFileReference; lastKnownFileType = text.plist.xml; path = Info.plist; sourceTree = "<group>"; };
/* End PBXFileReference section */

/* Begin PBXFrameworksBuildPhase section */
		E9C69AB91CB82746004BB143 /* Frameworks */ = {
			isa = PBXFrameworksBuildPhase;
			buildActionMask = 2147483647;
			files = (
			);
			runOnlyForDeploymentPostprocessing = 0;
		};
/* End PBXFrameworksBuildPhase section */

/* Begin PBXGroup section */
		E9C69AB31CB82746004BB143 = {
			isa = PBXGroup;
			children = (
				E9C69ABE1CB82746004BB143 /* Bai2 */,
				E9C69ABD1CB82746004BB143 /* Products */,
			);
			sourceTree = "<group>";
		};
		E9C69ABD1CB82746004BB143 /* Products */ = {
			isa = PBXGroup;
			children = (
				E9C69ABC1CB82746004BB143 /* Bai2.app */,
			);
			name = Products;
			sourceTree = "<group>";
		};
		E9C69ABE1CB82746004BB143 /* Bai2 */ = {
			isa = PBXGroup;
			children = (
				E9C69AC21CB82746004BB143 /* AppDelegate.h */,
				E9C69AC31CB82746004BB143 /* AppDelegate.m */,
				E9C69AC51CB82746004BB143 /* ViewController.h */,
				E9C69AC61CB82746004BB143 /* ViewController.m */,
				E9C69AC81CB82746004BB143 /* Main.storyboard */,
				E9C69ACB1CB82746004BB143 /* Assets.xcassets */,
				E9C69ACD1CB82746004BB143 /* LaunchScreen.storyboard */,
				E9C69AD01CB82746004BB143 /* Info.plist */,
				E9C69ABF1CB82746004BB143 /* Supporting Files */,
			);
			path = Bai2;
			sourceTree = "<group>";
		};
		E9C69ABF1CB82746004BB143 /* Supporting Files */ = {
			isa = PBXGroup;
			children = (
				E9C69AC01CB82746004BB143 /* main.m */,
			);
			name = "Supporting Files";
			sourceTree = "<group>";
		};
/* End PBXGroup section */

/* Begin PBXNativeTarget section */
		E9C69ABB1CB82746004BB143 /* Bai2 */ = {
			isa = PBXNativeTarget;
			buildConfigurationList = E9C69AD31CB82746004BB143 /* Build configuration list for PBXNativeTarget "Bai2" */;
			buildPhases = (
				E9C69AB81CB82746004BB143 /* Sources */,
				E9C69AB91CB82746004BB143 /* Frameworks */,
				E9C69ABA1CB82746004BB143 /* Resources */,
			);
			buildRules = (
			);
			dependencies = (
			);
			name = Bai2;
			productName = Bai2;
			productReference = E9C69ABC1CB82746004BB143 /* Bai2.app */;
			productType = "com.apple.product-type.application";
		};
/* End PBXNativeTarget section */

/* Begin PBXProject section */
		E9C69AB41CB82746004BB143 /* Project object */ = {
			isa = PBXProject;
			attributes = {
				LastUpgradeCheck = 0720;
				ORGANIZATIONNAME = "Hung Ga";
				TargetAttributes = {
					E9C69ABB1CB82746004BB143 = {
						CreatedOnToolsVersion = 7.2;
					};
				};
			};
			buildConfigurationList = E9C69AB71CB82746004BB143 /* Build configuration list for PBXProject "Bai2" */;
			compatibilityVersion = "Xcode 3.2";
			developmentRegion = English;
			hasScannedForEncodings = 0;
			knownRegions = (
				en,
				Base,
			);
			mainGroup = E9C69AB31CB82746004BB143;
			productRefGroup = E9C69ABD1CB82746004BB143 /* Products */;
			projectDirPath = "";
			projectRoot = "";
			targets = (
				E9C69ABB1CB82746004BB143 /* Bai2 */,
			);
		};
/* End PBXProject section */

/* Begin PBXResourcesBuildPhase section */
		E9C69ABA1CB82746004BB143 /* Resources */ = {
			isa = PBXResourcesBuildPhase;
			buildActionMask = 2147483647;
			files = (
				E9C69ACF1CB82746004BB143 /* LaunchScreen.storyboard in Resources */,
				E9C69ACC1CB82746004BB143 /* Assets.xcassets in Resources */,
				E9C69ACA1CB82746004BB143 /* Main.storyboard in Resources */,
			);
			runOnlyForDeploymentPostprocessing = 0;
		};
/* End PBXResourcesBuildPhase section */

/* Begin PBXSourcesBuildPhase section */
		E9C69AB81CB82746004BB143 /* Sources */ = {
			isa = PBXSourcesBuildPhase;
			buildActionMask = 2147483647;
			files = (
				E9C69AC71CB82746004BB143 /* ViewController.m in Sources */,
				E9C69AC41CB82746004BB143 /* AppDelegate.m in Sources */,
				E9C69AC11CB82746004BB143 /* main.m in Sources */,
			);
			runOnlyForDeploymentPostprocessing = 0;
		};
/* End PBXSourcesBuildPhase section */

/* Begin PBXVariantGroup section */
		E9C69AC81CB82746004BB143 /* Main.storyboard */ = {
			isa = PBXVariantGroup;
			children = (
				E9C69AC91CB82746004BB143 /* Base */,
			);
			name = Main.storyboard;
			sourceTree = "<group>";
		};
		E9C69ACD1CB82746004BB143 /* LaunchScreen.storyboard */ = {
			isa = PBXVariantGroup;
			children = (
				E9C69ACE1CB82746004BB143 /* Base */,
			);
			name = LaunchScreen.storyboard;
			sourceTree = "<group>";
		};
/* End PBXVariantGroup section */

/* Begin XCBuildConfiguration section */
		E9C69AD11CB82746004BB143 /* Debug */ = {
			isa = XCBuildConfiguration;
			buildSettings = {
				ALWAYS_SEARCH_USER_PATHS = NO;
				CLANG_CXX_LANGUAGE_STANDARD = "gnu++0x";
				CLANG_CXX_LIBRARY = "libc++";
				CLANG_ENABLE_MODULES = YES;
				CLANG_ENABLE_OBJC_ARC = YES;
				CLANG_WARN_BOOL_CONVERSION = YES;
				CLANG_WARN_CONSTANT_CONVERSION = YES;
				CLANG_WARN_DIRECT_OBJC_ISA_USAGE = YES_ERROR;
				CLANG_WARN_EMPTY_BODY = YES;
				CLANG_WARN_ENUM_CONVERSION = YES;
				CLANG_WARN_INT_CONVERSION = YES;
				CLANG_WARN_OBJC_ROOT_CLASS = YES_ERROR;
				CLANG_WARN_UNREACHABLE_CODE = YES;
				CLANG_WARN__DUPLICATE_METHOD_MATCH = YES;
				"CODE_SIGN_IDENTITY[sdk=iphoneos*]" = "iPhone Developer";
				COPY_PHASE_STRIP = NO;
				DEBUG_INFORMATION_FORMAT = dwarf;
				ENABLE_STRICT_OBJC_MSGSEND = YES;
				ENABLE_TESTABILITY = YES;
				GCC_C_LANGUAGE_STANDARD = gnu99;
				GCC_DYNAMIC_NO_PIC = NO;
				GCC_NO_COMMON_BLOCKS = YES;
				GCC_OPTIMIZATION_LEVEL = 0;
				GCC_PREPROCESSOR_DEFINITIONS = (
					"DEBUG=1",
					"$(inherited)",
				);
				GCC_WARN_64_TO_32_BIT_CONVERSION = YES;
				GCC_WARN_ABOUT_RETURN_TYPE = YES_ERROR;
				GCC_WARN_UNDECLARED_SELECTOR = YES;
				GCC_WARN_UNINITIALIZED_AUTOS = YES_AGGRESSIVE;
				GCC_WARN_UNUSED_FUNCTION = YES;
				GCC_WARN_UNUSED_VARIABLE = YES;
				IPHONEOS_DEPLOYMENT_TARGET = 9.2;
				MTL_ENABLE_DEBUG_INFO = YES;
				ONLY_ACTIVE_ARCH = YES;
				SDKROOT = iphoneos;
				TARGETED_DEVICE_FAMILY = "1,2";
			};
			name = Debug;
		};
		E9C69AD21CB82746004BB143 /* Release */ = {
			isa = XCBuildConfiguration;
			buildSettings = {
				ALWAYS_SEARCH_USER_PATHS = NO;
				CLANG_CXX_LANGUAGE_STANDARD = "gnu++0x";
				CLANG_CXX_LIBRARY = "libc++";
				CLANG_ENABLE_MODULES = YES;
				CLANG_ENABLE_OBJC_ARC = YES;
				CLANG_WARN_BOOL_CONVERSION = YES;
				CLANG_WARN_CONSTANT_CONVERSION = YES;
				CLANG_WARN_DIRECT_OBJC_ISA_USAGE = YES_ERROR;
				CLANG_WARN_EMPTY_BODY = YES;
				CLANG_WARN_ENUM_CONVERSION = YES;
				CLANG_WARN_INT_CONVERSION = YES;
				CLANG_WARN_OBJC_ROOT_CLASS = YES_ERROR;
				CLANG_WARN_UNREACHABLE_CODE = YES;
				CLANG_WARN__DUPLICATE_METHOD_MATCH = YES;
				"CODE_SIGN_IDENTITY[sdk=iphoneos*]" = "iPhone Developer";
				COPY_PHASE_STRIP = NO;
				DEBUG_INFORMATION_FORMAT = "dwarf-with-dsym";
				ENABLE_NS_ASSERTIONS = NO;
				ENABLE_STRICT_OBJC_MSGSEND = YES;
				GCC_C_LANGUAGE_STANDARD = gnu99;
				GCC_NO_COMMON_BLOCKS = YES;
				GCC_WARN_64_TO_32_BIT_CONVERSION = YES;
				GCC_WARN_ABOUT_RETURN_TYPE = YES_ERROR;
				GCC_WARN_UNDECLARED_SELECTOR = YES;
				GCC_WARN_UNINITIALIZED_AUTOS = YES_AGGRESSIVE;
				GCC_WARN_UNUSED_FUNCTION = YES;
				GCC_WARN_UNUSED_VARIABLE = YES;
				IPHONEOS_DEPLOYMENT_TARGET = 9.2;
				MTL_ENABLE_DEBUG_INFO = NO;
				SDKROOT = iphoneos;
				TARGETED_DEVICE_FAMILY = "1,2";
				VALIDATE_PRODUCT = YES;
			};
			name = Release;
		};
		E9C69AD41CB82746004BB143 /* Debug */ = {
			isa = XCBuildConfiguration;
			buildSettings = {
				ASSETCATALOG_COMPILER_APPICON_NAME = AppIcon;
				INFOPLIST_FILE = Bai2/Info.plist;
				LD_RUNPATH_SEARCH_PATHS = "$(inherited) @executable_path/Frameworks";
				PRODUCT_BUNDLE_IDENTIFIER = "hung-ga.Bai2";
				PRODUCT_NAME = "$(TARGET_NAME)";
			};
			name = Debug;
		};
		E9C69AD51CB82746004BB143 /* Release */ = {
			isa = XCBuildConfiguration;
			buildSettings = {
				ASSETCATALOG_COMPILER_APPICON_NAME = AppIcon;
				INFOPLIST_FILE = Bai2/Info.plist;
				LD_RUNPATH_SEARCH_PATHS = "$(inherited) @executable_path/Frameworks";
				PRODUCT_BUNDLE_IDENTIFIER = "hung-ga.Bai2";
				PRODUCT_NAME = "$(TARGET_NAME)";
			};
			name = Release;
		};
/* End XCBuildConfiguration section */

/* Begin XCConfigurationList section */
		E9C69AB71CB82746004BB143 /* Build configuration list for PBXProject "Bai2" */ = {
			isa = XCConfigurationList;
			buildConfigurations = (
				E9C69AD11CB82746004BB143 /* Debug */,
				E9C69AD21CB82746004BB143 /* Release */,
			);
			defaultConfigurationIsVisible = 0;
			defaultConfigurationName = Release;
		};
		E9C69AD31CB82746004BB143 /* Build configuration list for PBXNativeTarget "Bai2" */ = {
			isa = XCConfigurationList;
			buildConfigurations = (
				E9C69AD41CB82746004BB143 /* Debug */,
				E9C69AD51CB82746004BB143 /* Release */,
			);
			defaultConfigurationIsVisible = 0;
		};
/* End XCConfigurationList section */
	};
	rootObject = E9C69AB41CB82746004BB143 /* Project object */;
}
